{
  "name": "recon-agent-pi-ui",
  "lockfileVersion": 3,
  "requires": true,
  "packages": {
    "": {
      "name": "recon-agent-pi-ui",
      "dependencies": {
        "@earendil-works/pi-tui": "1.0.4"
      },
      "engines": {
        "node": ">=22.19.0"
      }
    },
    "node_modules/@earendil-works/pi-tui": {
      "version": "1.0.4",
      "resolved": "https://registry.npmmirror.com/@earendil-works/pi-tui/-/pi-tui-1.0.4.tgz",
      "integrity": "sha512-TgvDJohtxvG3XWQID5w6bwEyBocywdG0F9yHZtP+Ywvtiq9RgeSMbeB8quUobk7/4ko6IvFOQo45AqIqNVr8Rg==",
      "license": "MIT",
      "dependencies": {
        "get-east-asian-width": "1.6.0",
        "marked": "18.0.11"
      },
      "engines": {
        "node": ">=22.19.0"
      }
    },
    "node_modules/get-east-asian-width": {
      "version": "1.6.0",
      "resolved": "https://registry.npmmirror.com/get-east-asian-width/-/get-east-asian-width-1.6.0.tgz",
      "integrity": "sha512-QRbvDIbx6YklUe6RxeTeleMR0yv3cYH6PsPZHcnVn7xv7zO1BHN8r0XETu8n6Ye3Q+ahtSarc3WgtNWmehIBfA==",
      "license": "MIT",
      "engines": {
        "node": ">=18"
      },
      "funding": {
        "url": "https://github.com/sponsors/sindresorhus"
      }
    },
    "node_modules/marked": {
      "version": "18.0.11",
      "resolved": "https://registry.npmmirror.com/marked/-/marked-18.0.11.tgz",
      "integrity": "sha512-HnslJfsZkRPBDJRHvVtAaWlZHEpSu7u8LgQuJCELjRKuWR+hpq4A7sLq3p8HaI9ypVoXDXxV34CsQJEe1+J5Aw==",
      "license": "MIT",
      "bin": {
        "marked": "bin/marked.js"
      },
      "engines": {
        "node": ">= 20"
      }
    }
  }
}
